
Microsoft Visual Studio Solution File, Format Version 12.00
# Visual Studio Version 16
VisualStudioVersion = 16.0.31613.86
MinimumVisualStudioVersion = 10.0.40219.1
Project("{FAE04EC0-301F-11D3-BF4B-00C04F79EFBC}") = "AuthDemo", "AuthDemo.csproj", "{296CDBD8-BC76-4923-8F0A-B73CAE268B90}"
EndProject
Global
	GlobalSection(SolutionConfigurationPlatforms) = preSolution
		Debug|Any CPU = Debug|Any CPU
		Release|Any CPU = Release|Any CPU
	EndGlobalSection
	GlobalSection(ProjectConfigurationPlatforms) = postSolution
		{296CDBD8-BC76-4923-8F0A-B73CAE268B90}.Debug|Any CPU.ActiveCfg = Debug|Any CPU
		{296CDBD8-BC76-4923-8F0A-B73CAE268B90}.Debug|Any CPU.Build.0 = Debug|Any CPU
		{296CDBD8-BC76-4923-8F0A-B73CAE268B90}.Release|Any CPU.ActiveCfg = Release|Any CPU
		{296CDBD8-BC76-4923-8F0A-B73CAE268B90}.Release|Any CPU.Build.0 = Release|Any CPU
	EndGlobalSection
	GlobalSection(SolutionProperties) = preSolution
		HideSolutionNode = FALSE
	EndGlobalSection
	GlobalSection(ExtensibilityGlobals) = postSolution
		SolutionGuid = {301A34D1-A576-4F7A-B0CC-50BEC83C4465}
	EndGlobalSection
EndGlobal
